
Microsoft Visual Studio Solution File, Format Version 12.00
# Visual Studio Version 16
VisualStudioVersion = 16.0.32929.386
MinimumVisualStudioVersion = 10.0.40219.1
Project("{9A19103F-16F7-4668-BE54-9A1E7A4F7556}") = "ArgumentParser", "ArgumentParser\ArgumentParser.csproj", "{DD932097-BD89-49AE-B9B8-3E18B46BB44D}"
EndProject
Project("{9A19103F-16F7-4668-BE54-9A1E7A4F7556}") = "ArgumentParserTests", "ArgumentParserTests\ArgumentParserTests.csproj", "{6DD6BE32-8E2F-48FB-A023-A4FA304861B3}"
EndProject
Global
	GlobalSection(SolutionConfigurationPlatforms) = preSolution
		Debug|Any CPU = Debug|Any CPU
		Release|Any CPU = Release|Any CPU
	EndGlobalSection
	GlobalSection(ProjectConfigurationPlatforms) = postSolution
		{DD932097-BD89-49AE-B9B8-3E18B46BB44D}.Debug|Any CPU.ActiveCfg = Debug|Any CPU
		{DD932097-BD89-49AE-B9B8-3E18B46BB44D}.Debug|Any CPU.Build.0 = Debug|Any CPU
		{DD932097-BD89-49AE-B9B8-3E18B46BB44D}.Release|Any CPU.ActiveCfg = Release|Any CPU
		{DD932097-BD89-49AE-B9B8-3E18B46BB44D}.Release|Any CPU.Build.0 = Release|Any CPU
		{6DD6BE32-8E2F-48FB-A023-A4FA304861B3}.Debug|Any CPU.ActiveCfg = Debug|Any CPU
		{6DD6BE32-8E2F-48FB-A023-A4FA304861B3}.Debug|Any CPU.Build.0 = Debug|Any CPU
		{6DD6BE32-8E2F-48FB-A023-A4FA304861B3}.Release|Any CPU.ActiveCfg = Release|Any CPU
		{6DD6BE32-8E2F-48FB-A023-A4FA304861B3}.Release|Any CPU.Build.0 = Release|Any CPU
	EndGlobalSection
	GlobalSection(SolutionProperties) = preSolution
		HideSolutionNode = FALSE
	EndGlobalSection
	GlobalSection(ExtensibilityGlobals) = postSolution
		SolutionGuid = {6F8B5A8B-05B1-4468-A203-EEDF74815CF0}
	EndGlobalSection
EndGlobal
